// !$*UTF8*$!
{
	archiveVersion = 1;
	classes = {
	};
	objectVersion = 46;
	objects = {

/* Begin PBXBuildFile section */
		0215E5361BF4FFDD00DF6A2F /* CurrentHBSalonList.swift in Sources */ = {isa = PBXBuildFile; fileRef = 0215E5351BF4FFDD00DF6A2F /* CurrentHBSalonList.swift */; };
		0215E5381BF50A1100DF6A2F /* HBFilterCollectionViewCell.swift in Sources */ = {isa = PBXBuildFile; fileRef = 0215E5371BF50A1100DF6A2F /* HBFilterCollectionViewCell.swift */; };
		02174E611BF3AC4F00AF3337 /* HBSalonListDelegate.swift in Sources */ = {isa = PBXBuildFile; fileRef = 02174E601BF3AC4F00AF3337 /* HBSalonListDelegate.swift */; };
		02174E631BF3C97800AF3337 /* HBSalon.swift in Sources */ = {isa = PBXBuildFile; fileRef = 02174E621BF3C97800AF3337 /* HBSalon.swift */; };
		0235A9381BDF3DCA00355207 /* HBSalonListTableViewController.swift in Sources */ = {isa = PBXBuildFile; fileRef = 0235A9371BDF3DCA00355207 /* HBSalonListTableViewController.swift */; };
		0235A93A1BDF3F0100355207 /* HBSalonListTableViewCell.swift in Sources */ = {isa = PBXBuildFile; fileRef = 0235A9391BDF3F0100355207 /* HBSalonListTableViewCell.swift */; };
		025C47AD1BE28A7800D247D7 /* HBTabBarViewController.swift in Sources */ = {isa = PBXBuildFile; fileRef = 025C47AC1BE28A7800D247D7 /* HBTabBarViewController.swift */; };
		025C47B11BE29E4800D247D7 /* HBDealsTableViewController.swift in Sources */ = {isa = PBXBuildFile; fileRef = 025C47B01BE29E4800D247D7 /* HBDealsTableViewController.swift */; };
		025C47B31BE29E6900D247D7 /* HBDealsTableViewCell.swift in Sources */ = {isa = PBXBuildFile; fileRef = 025C47B21BE29E6900D247D7 /* HBDealsTableViewCell.swift */; };
		025C47B91BE2B05F00D247D7 /* HBSectionHeaderTableViewCell.swift in Sources */ = {isa = PBXBuildFile; fileRef = 025C47B81BE2B05F00D247D7 /* HBSectionHeaderTableViewCell.swift */; };
		02A1484D1BE9418700BFA08D /* HBFilterCollectionViewController.swift in Sources */ = {isa = PBXBuildFile; fileRef = 02A1484C1BE9418700BFA08D /* HBFilterCollectionViewController.swift */; };
		02A6C6951BF111B6001FA056 /* profileTeste.jpg in Resources */ = {isa = PBXBuildFile; fileRef = 02A6C6941BF111B6001FA056 /* profileTeste.jpg */; };
		02A6C6971BF111BF001FA056 /* tste.png in Resources */ = {isa = PBXBuildFile; fileRef = 02A6C6961BF111BF001FA056 /* tste.png */; };
		02A6C69A1BF11C33001FA056 /* ProfileTableViewController.swift in Sources */ = {isa = PBXBuildFile; fileRef = 02A6C6991BF11C33001FA056 /* ProfileTableViewController.swift */; };
		02AAF38C1BEBDD6100B97FAB /* Assets.xcassets in Resources */ = {isa = PBXBuildFile; fileRef = 02AAF38B1BEBDD6100B97FAB /* Assets.xcassets */; };
		02CE010A1BF1313000EE0793 /* CoreLocation.framework in Frameworks */ = {isa = PBXBuildFile; fileRef = 02CE01091BF1313000EE0793 /* CoreLocation.framework */; };
		02CE010C1BF26B6100EE0793 /* HBFilter.swift in Sources */ = {isa = PBXBuildFile; fileRef = 02CE010B1BF26B6100EE0793 /* HBFilter.swift */; };
		9B732544BE13D259A9F84794 /* Pods_horabella.framework in Frameworks */ = {isa = PBXBuildFile; fileRef = 99E9D8189DCE2BEF7D34482B /* Pods_horabella.framework */; };
		BB1B6DDF1BDEA033004C95EB /* AppDelegate.swift in Sources */ = {isa = PBXBuildFile; fileRef = BB1B6DDE1BDEA033004C95EB /* AppDelegate.swift */; };
		BB1B6DE41BDEA033004C95EB /* Main.storyboard in Resources */ = {isa = PBXBuildFile; fileRef = BB1B6DE21BDEA033004C95EB /* Main.storyboard */; };
		BB1B6DE91BDEA033004C95EB /* LaunchScreen.storyboard in Resources */ = {isa = PBXBuildFile; fileRef = BB1B6DE71BDEA033004C95EB /* LaunchScreen.storyboard */; };
		BB1B6DF41BDEA033004C95EB /* horabellaTests.swift in Sources */ = {isa = PBXBuildFile; fileRef = BB1B6DF31BDEA033004C95EB /* horabellaTests.swift */; };
		BB1B6DFF1BDEA033004C95EB /* horabellaUITests.swift in Sources */ = {isa = PBXBuildFile; fileRef = BB1B6DFE1BDEA033004C95EB /* horabellaUITests.swift */; };
		BB1B6E0D1BDEAFD9004C95EB /* Login.storyboard in Resources */ = {isa = PBXBuildFile; fileRef = BB1B6E0C1BDEAFD9004C95EB /* Login.storyboard */; };
		BB75187F1BE19AC800D2200A /* HBMakeCommentTableViewCell.swift in Sources */ = {isa = PBXBuildFile; fileRef = BB75187B1BE19AC800D2200A /* HBMakeCommentTableViewCell.swift */; };
		BB7518801BE19AC800D2200A /* HBSalonCommentsTableViewCell.swift in Sources */ = {isa = PBXBuildFile; fileRef = BB75187C1BE19AC800D2200A /* HBSalonCommentsTableViewCell.swift */; };
		BB7518811BE19AC800D2200A /* HBSalonDetailTableViewController.swift in Sources */ = {isa = PBXBuildFile; fileRef = BB75187D1BE19AC800D2200A /* HBSalonDetailTableViewController.swift */; };
		BB7518821BE19AC800D2200A /* HBSalonEvaluationTableViewCell.swift in Sources */ = {isa = PBXBuildFile; fileRef = BB75187E1BE19AC800D2200A /* HBSalonEvaluationTableViewCell.swift */; };
		BB75188D1BE2ACA500D2200A /* HBSalonDescriptionTableViewCell.swift in Sources */ = {isa = PBXBuildFile; fileRef = BB75188C1BE2ACA500D2200A /* HBSalonDescriptionTableViewCell.swift */; };
		BB75188F1BE2ACBD00D2200A /* HBSalonInfoTableViewCell.swift in Sources */ = {isa = PBXBuildFile; fileRef = BB75188E1BE2ACBD00D2200A /* HBSalonInfoTableViewCell.swift */; };
		BB7518911BE91FDC00D2200A /* Smoke.swift in Sources */ = {isa = PBXBuildFile; fileRef = BB7518901BE91FDC00D2200A /* Smoke.swift */; };
		BB7518931BEA6BDA00D2200A /* SmokeUser.swift in Sources */ = {isa = PBXBuildFile; fileRef = BB7518921BEA6BDA00D2200A /* SmokeUser.swift */; };
		BB7518961BED0B8B00D2200A /* IJProgressView.swift in Sources */ = {isa = PBXBuildFile; fileRef = BB7518951BED0B8B00D2200A /* IJProgressView.swift */; };
		BB758C811BDEB63400F3A467 /* LogInViewController.swift in Sources */ = {isa = PBXBuildFile; fileRef = BB758C801BDEB63400F3A467 /* LogInViewController.swift */; };
		BB758C831BDEB65800F3A467 /* SignUpTableViewController.swift in Sources */ = {isa = PBXBuildFile; fileRef = BB758C821BDEB65800F3A467 /* SignUpTableViewController.swift */; };
		BBBCBB211BF5028900063173 /* HBServiceTableViewCell.swift in Sources */ = {isa = PBXBuildFile; fileRef = BBBCBB201BF5028900063173 /* HBServiceTableViewCell.swift */; };
		BBD90E321BF267A3009C19D1 /* HBServicesTableViewCell.swift in Sources */ = {isa = PBXBuildFile; fileRef = BBD90E311BF267A3009C19D1 /* HBServicesTableViewCell.swift */; };
		BBD90E361BF268EE009C19D1 /* HBServiceCollectionViewCell.swift in Sources */ = {isa = PBXBuildFile; fileRef = BBD90E351BF268EE009C19D1 /* HBServiceCollectionViewCell.swift */; };
/* End PBXBuildFile section */

/* Begin PBXContainerItemProxy section */
		BB1B6DF01BDEA033004C95EB /* PBXContainerItemProxy */ = {
			isa = PBXContainerItemProxy;
			containerPortal = BB1B6DD31BDEA033004C95EB /* Project object */;
			proxyType = 1;
			remoteGlobalIDString = BB1B6DDA1BDEA033004C95EB;
			remoteInfo = horabella;
		};
		BB1B6DFB1BDEA033004C95EB /* PBXContainerItemProxy */ = {
			isa = PBXContainerItemProxy;
			containerPortal = BB1B6DD31BDEA033004C95EB /* Project object */;
			proxyType = 1;
			remoteGlobalIDString = BB1B6DDA1BDEA033004C95EB;
			remoteInfo = horabella;
		};
/* End PBXContainerItemProxy section */

/* Begin PBXFileReference section */
		0215E5351BF4FFDD00DF6A2F /* CurrentHBSalonList.swift */ = {isa = PBXFileReference; fileEncoding = 4; lastKnownFileType = sourcecode.swift; path = CurrentHBSalonList.swift; sourceTree = "<group>"; };
		0215E5371BF50A1100DF6A2F /* HBFilterCollectionViewCell.swift */ = {isa = PBXFileReference; fileEncoding = 4; lastKnownFileType = sourcecode.swift; path = HBFilterCollectionViewCell.swift; sourceTree = "<group>"; };
		02174E601BF3AC4F00AF3337 /* HBSalonListDelegate.swift */ = {isa = PBXFileReference; fileEncoding = 4; lastKnownFileType = sourcecode.swift; path = HBSalonListDelegate.swift; sourceTree = "<group>"; };
		02174E621BF3C97800AF3337 /* HBSalon.swift */ = {isa = PBXFileReference; fileEncoding = 4; lastKnownFileType = sourcecode.swift; path = HBSalon.swift; sourceTree = "<group>"; };
		0235A9371BDF3DCA00355207 /* HBSalonListTableViewController.swift */ = {isa = PBXFileReference; fileEncoding = 4; lastKnownFileType = sourcecode.swift; path = HBSalonListTableViewController.swift; sourceTree = "<group>"; };
		0235A9391BDF3F0100355207 /* HBSalonListTableViewCell.swift */ = {isa = PBXFileReference; fileEncoding = 4; lastKnownFileType = sourcecode.swift; path = HBSalonListTableViewCell.swift; sourceTree = "<group>"; };
		0235A93E1BDF4A2E00355207 /* HB-Bridge.h */ = {isa = PBXFileReference; lastKnownFileType = sourcecode.c.h; path = "HB-Bridge.h"; sourceTree = "<group>"; };
		025C47AC1BE28A7800D247D7 /* HBTabBarViewController.swift */ = {isa = PBXFileReference; fileEncoding = 4; lastKnownFileType = sourcecode.swift; path = HBTabBarViewController.swift; sourceTree = "<group>"; };
		025C47B01BE29E4800D247D7 /* HBDealsTableViewController.swift */ = {isa = PBXFileReference; fileEncoding = 4; lastKnownFileType = sourcecode.swift; path = HBDealsTableViewController.swift; sourceTree = "<group>"; };
		025C47B21BE29E6900D247D7 /* HBDealsTableViewCell.swift */ = {isa = PBXFileReference; fileEncoding = 4; lastKnownFileType = sourcecode.swift; path = HBDealsTableViewCell.swift; sourceTree = "<group>"; };
		025C47B41BE2ABA200D247D7 /* pt-BR */ = {isa = PBXFileReference; lastKnownFileType = text.plist.strings; name = "pt-BR"; path = "pt-BR.lproj/Main.strings"; sourceTree = "<group>"; };
		025C47B51BE2ABA200D247D7 /* pt-BR */ = {isa = PBXFileReference; lastKnownFileType = text.plist.strings; name = "pt-BR"; path = "pt-BR.lproj/LaunchScreen.strings"; sourceTree = "<group>"; };
		025C47B61BE2ABDE00D247D7 /* en */ = {isa = PBXFileReference; lastKnownFileType = text.plist.strings; name = en; path = en.lproj/Main.strings; sourceTree = "<group>"; };
		025C47B71BE2ABDE00D247D7 /* en */ = {isa = PBXFileReference; lastKnownFileType = text.plist.strings; name = en; path = en.lproj/LaunchScreen.strings; sourceTree = "<group>"; };
		025C47B81BE2B05F00D247D7 /* HBSectionHeaderTableViewCell.swift */ = {isa = PBXFileReference; fileEncoding = 4; lastKnownFileType = sourcecode.swift; path = HBSectionHeaderTableViewCell.swift; sourceTree = "<group>"; };
		02A1484C1BE9418700BFA08D /* HBFilterCollectionViewController.swift */ = {isa = PBXFileReference; fileEncoding = 4; lastKnownFileType = sourcecode.swift; path = HBFilterCollectionViewController.swift; sourceTree = "<group>"; };
		02A6C6941BF111B6001FA056 /* profileTeste.jpg */ = {isa = PBXFileReference; lastKnownFileType = image.jpeg; path = profileTeste.jpg; sourceTree = "<group>"; };
		02A6C6961BF111BF001FA056 /* tste.png */ = {isa = PBXFileReference; lastKnownFileType = image.png; path = tste.png; sourceTree = "<group>"; };
		02A6C6991BF11C33001FA056 /* ProfileTableViewController.swift */ = {isa = PBXFileReference; fileEncoding = 4; lastKnownFileType = sourcecode.swift; path = ProfileTableViewController.swift; sourceTree = "<group>"; };
		02AAF38B1BEBDD6100B97FAB /* Assets.xcassets */ = {isa = PBXFileReference; lastKnownFileType = folder.assetcatalog; path = Assets.xcassets; sourceTree = "<group>"; };
		02CE01091BF1313000EE0793 /* CoreLocation.framework */ = {isa = PBXFileReference; lastKnownFileType = wrapper.framework; name = CoreLocation.framework; path = System/Library/Frameworks/CoreLocation.framework; sourceTree = SDKROOT; };
		02CE010B1BF26B6100EE0793 /* HBFilter.swift */ = {isa = PBXFileReference; fileEncoding = 4; lastKnownFileType = sourcecode.swift; path = HBFilter.swift; sourceTree = "<group>"; };
		6236783C0D08AF1A5B3831D4 /* Pods-horabella.release.xcconfig */ = {isa = PBXFileReference; includeInIndex = 1; lastKnownFileType = text.xcconfig; name = "Pods-horabella.release.xcconfig"; path = "Pods/Target Support Files/Pods-horabella/Pods-horabella.release.xcconfig"; sourceTree = "<group>"; };
		73642571618E75C773AAE020 /* Pods-horabella.debug.xcconfig */ = {isa = PBXFileReference; includeInIndex = 1; lastKnownFileType = text.xcconfig; name = "Pods-horabella.debug.xcconfig"; path = "Pods/Target Support Files/Pods-horabella/Pods-horabella.debug.xcconfig"; sourceTree = "<group>"; };
		99E9D8189DCE2BEF7D34482B /* Pods_horabella.framework */ = {isa = PBXFileReference; explicitFileType = wrapper.framework; includeInIndex = 0; path = Pods_horabella.framework; sourceTree = BUILT_PRODUCTS_DIR; };
		BB1B6DDB1BDEA033004C95EB /* horabella.app */ = {isa = PBXFileReference; explicitFileType = wrapper.application; includeInIndex = 0; path = horabella.app; sourceTree = BUILT_PRODUCTS_DIR; };
		BB1B6DDE1BDEA033004C95EB /* AppDelegate.swift */ = {isa = PBXFileReference; lastKnownFileType = sourcecode.swift; path = AppDelegate.swift; sourceTree = "<group>"; };
		BB1B6DE31BDEA033004C95EB /* Base */ = {isa = PBXFileReference; lastKnownFileType = file.storyboard; name = Base; path = Base.lproj/Main.storyboard; sourceTree = "<group>"; };
		BB1B6DE81BDEA033004C95EB /* Base */ = {isa = PBXFileReference; lastKnownFileType = file.storyboard; name = Base; path = Base.lproj/LaunchScreen.storyboard; sourceTree = "<group>"; };
		BB1B6DEA1BDEA033004C95EB /* Info.plist */ = {isa = PBXFileReference; lastKnownFileType = text.plist.xml; path = Info.plist; sourceTree = "<group>"; };
		BB1B6DEF1BDEA033004C95EB /* horabellaTests.xctest */ = {isa = PBXFileReference; explicitFileType = wrapper.cfbundle; includeInIndex = 0; path = horabellaTests.xctest; sourceTree = BUILT_PRODUCTS_DIR; };
		BB1B6DF31BDEA033004C95EB /* horabellaTests.swift */ = {isa = PBXFileReference; lastKnownFileType = sourcecode.swift; path = horabellaTests.swift; sourceTree = "<group>"; };
		BB1B6DF51BDEA033004C95EB /* Info.plist */ = {isa = PBXFileReference; lastKnownFileType = text.plist.xml; path = Info.plist; sourceTree = "<group>"; };
		BB1B6DFA1BDEA033004C95EB /* horabellaUITests.xctest */ = {isa = PBXFileReference; explicitFileType = wrapper.cfbundle; includeInIndex = 0; path = horabellaUITests.xctest; sourceTree = BUILT_PRODUCTS_DIR; };
		BB1B6DFE1BDEA033004C95EB /* horabellaUITests.swift */ = {isa = PBXFileReference; lastKnownFileType = sourcecode.swift; path = horabellaUITests.swift; sourceTree = "<group>"; };
		BB1B6E001BDEA033004C95EB /* Info.plist */ = {isa = PBXFileReference; lastKnownFileType = text.plist.xml; path = Info.plist; sourceTree = "<group>"; };
		BB1B6E0C1BDEAFD9004C95EB /* Login.storyboard */ = {isa = PBXFileReference; fileEncoding = 4; lastKnownFileType = file.storyboard; path = Login.storyboard; sourceTree = "<group>"; };
		BB75187B1BE19AC800D2200A /* HBMakeCommentTableViewCell.swift */ = {isa = PBXFileReference; fileEncoding = 4; lastKnownFileType = sourcecode.swift; path = HBMakeCommentTableViewCell.swift; sourceTree = "<group>"; };
		BB75187C1BE19AC800D2200A /* HBSalonCommentsTableViewCell.swift */ = {isa = PBXFileReference; fileEncoding = 4; lastKnownFileType = sourcecode.swift; path = HBSalonCommentsTableViewCell.swift; sourceTree = "<group>"; };
		BB75187D1BE19AC800D2200A /* HBSalonDetailTableViewController.swift */ = {isa = PBXFileReference; fileEncoding = 4; lastKnownFileType = sourcecode.swift; path = HBSalonDetailTableViewController.swift; sourceTree = "<group>"; };
		BB75187E1BE19AC800D2200A /* HBSalonEvaluationTableViewCell.swift */ = {isa = PBXFileReference; fileEncoding = 4; lastKnownFileType = sourcecode.swift; path = HBSalonEvaluationTableViewCell.swift; sourceTree = "<group>"; };
		BB75188C1BE2ACA500D2200A /* HBSalonDescriptionTableViewCell.swift */ = {isa = PBXFileReference; fileEncoding = 4; lastKnownFileType = sourcecode.swift; path = HBSalonDescriptionTableViewCell.swift; sourceTree = "<group>"; };
		BB75188E1BE2ACBD00D2200A /* HBSalonInfoTableViewCell.swift */ = {isa = PBXFileReference; fileEncoding = 4; lastKnownFileType = sourcecode.swift; path = HBSalonInfoTableViewCell.swift; sourceTree = "<group>"; };
		BB7518901BE91FDC00D2200A /* Smoke.swift */ = {isa = PBXFileReference; fileEncoding = 4; lastKnownFileType = sourcecode.swift; path = Smoke.swift; sourceTree = "<group>"; };
		BB7518921BEA6BDA00D2200A /* SmokeUser.swift */ = {isa = PBXFileReference; fileEncoding = 4; lastKnownFileType = sourcecode.swift; path = SmokeUser.swift; sourceTree = "<group>"; };
		BB7518951BED0B8B00D2200A /* IJProgressView.swift */ = {isa = PBXFileReference; fileEncoding = 4; lastKnownFileType = sourcecode.swift; path = IJProgressView.swift; sourceTree = "<group>"; };
		BB758C801BDEB63400F3A467 /* LogInViewController.swift */ = {isa = PBXFileReference; fileEncoding = 4; lastKnownFileType = sourcecode.swift; path = LogInViewController.swift; sourceTree = "<group>"; };
		BB758C821BDEB65800F3A467 /* SignUpTableViewController.swift */ = {isa = PBXFileReference; fileEncoding = 4; lastKnownFileType = sourcecode.swift; path = SignUpTableViewController.swift; sourceTree = "<group>"; };
		BBBCBB201BF5028900063173 /* HBServiceTableViewCell.swift */ = {isa = PBXFileReference; fileEncoding = 4; lastKnownFileType = sourcecode.swift; path = HBServiceTableViewCell.swift; sourceTree = "<group>"; };
		BBD90E311BF267A3009C19D1 /* HBServicesTableViewCell.swift */ = {isa = PBXFileReference; fileEncoding = 4; lastKnownFileType = sourcecode.swift; path = HBServicesTableViewCell.swift; sourceTree = "<group>"; };
		BBD90E351BF268EE009C19D1 /* HBServiceCollectionViewCell.swift */ = {isa = PBXFileReference; fileEncoding = 4; lastKnownFileType = sourcecode.swift; path = HBServiceCollectionViewCell.swift; sourceTree = "<group>"; };
/* End PBXFileReference section */

/* Begin PBXFrameworksBuildPhase section */
		BB1B6DD81BDEA033004C95EB /* Frameworks */ = {
			isa = PBXFrameworksBuildPhase;
			buildActionMask = 2147483647;
			files = (
				02CE010A1BF1313000EE0793 /* CoreLocation.framework in Frameworks */,
				9B732544BE13D259A9F84794 /* Pods_horabella.framework in Frameworks */,
			);
			runOnlyForDeploymentPostprocessing = 0;
		};
		BB1B6DEC1BDEA033004C95EB /* Frameworks */ = {
			isa = PBXFrameworksBuildPhase;
			buildActionMask = 2147483647;
			files = (
			);
			runOnlyForDeploymentPostprocessing = 0;
		};
		BB1B6DF71BDEA033004C95EB /* Frameworks */ = {
			isa = PBXFrameworksBuildPhase;
			buildActionMask = 2147483647;
			files = (
			);
			runOnlyForDeploymentPostprocessing = 0;
		};
/* End PBXFrameworksBuildPhase section */

/* Begin PBXGroup section */
		0235A93C1BDF49DB00355207 /* Bridge */ = {
			isa = PBXGroup;
			children = (
				0235A93E1BDF4A2E00355207 /* HB-Bridge.h */,
			);
			name = Bridge;
			path = horabella;
			sourceTree = "<group>";
		};
		025C47AB1BE2853900D247D7 /* SalonList */ = {
			isa = PBXGroup;
			children = (
				0235A9371BDF3DCA00355207 /* HBSalonListTableViewController.swift */,
				02174E601BF3AC4F00AF3337 /* HBSalonListDelegate.swift */,
				0235A9391BDF3F0100355207 /* HBSalonListTableViewCell.swift */,
				02174E621BF3C97800AF3337 /* HBSalon.swift */,
				0215E5351BF4FFDD00DF6A2F /* CurrentHBSalonList.swift */,
				02A1484B1BE9416000BFA08D /* Filter */,
				BB7518831BE19AD800D2200A /* SalonDetail */,
			);
			name = SalonList;
			sourceTree = "<group>";
		};
		025C47AE1BE28A8200D247D7 /* TabBar */ = {
			isa = PBXGroup;
			children = (
				025C47AC1BE28A7800D247D7 /* HBTabBarViewController.swift */,
			);
			name = TabBar;
			sourceTree = "<group>";
		};
		025C47AF1BE29E2C00D247D7 /* Deals */ = {
			isa = PBXGroup;
			children = (
				025C47B01BE29E4800D247D7 /* HBDealsTableViewController.swift */,
				025C47B21BE29E6900D247D7 /* HBDealsTableViewCell.swift */,
				025C47B81BE2B05F00D247D7 /* HBSectionHeaderTableViewCell.swift */,
			);
			name = Deals;
			sourceTree = "<group>";
		};
		02A1484B1BE9416000BFA08D /* Filter */ = {
			isa = PBXGroup;
			children = (
				0215E5371BF50A1100DF6A2F /* HBFilterCollectionViewCell.swift */,
				02A1484C1BE9418700BFA08D /* HBFilterCollectionViewController.swift */,
				02CE010B1BF26B6100EE0793 /* HBFilter.swift */,
			);
			name = Filter;
			sourceTree = "<group>";
		};
		02A6C6911BF11175001FA056 /* ImagemTeste */ = {
			isa = PBXGroup;
			children = (
				02A6C6961BF111BF001FA056 /* tste.png */,
				02A6C6941BF111B6001FA056 /* profileTeste.jpg */,
			);
			name = ImagemTeste;
			sourceTree = "<group>";
		};
		02A6C6981BF11C01001FA056 /* Profile */ = {
			isa = PBXGroup;
			children = (
				02A6C6991BF11C33001FA056 /* ProfileTableViewController.swift */,
			);
			name = Profile;
			sourceTree = "<group>";
		};
		856DC9708B54A42C4B930F4E /* Frameworks */ = {
			isa = PBXGroup;
			children = (
				02CE01091BF1313000EE0793 /* CoreLocation.framework */,
				99E9D8189DCE2BEF7D34482B /* Pods_horabella.framework */,
			);
			name = Frameworks;
			sourceTree = "<group>";
		};
		BB1B6DD21BDEA033004C95EB = {
			isa = PBXGroup;
			children = (
				02A6C6911BF11175001FA056 /* ImagemTeste */,
				0235A93C1BDF49DB00355207 /* Bridge */,
				BB1B6DDD1BDEA033004C95EB /* horabella */,
				BB1B6DF21BDEA033004C95EB /* horabellaTests */,
				BB1B6DFD1BDEA033004C95EB /* horabellaUITests */,
				BB1B6DDC1BDEA033004C95EB /* Products */,
				BC8FE6E4C509628A67AEAD07 /* Pods */,
				856DC9708B54A42C4B930F4E /* Frameworks */,
			);
			sourceTree = "<group>";
		};
		BB1B6DDC1BDEA033004C95EB /* Products */ = {
			isa = PBXGroup;
			children = (
				BB1B6DDB1BDEA033004C95EB /* horabella.app */,
				BB1B6DEF1BDEA033004C95EB /* horabellaTests.xctest */,
				BB1B6DFA1BDEA033004C95EB /* horabellaUITests.xctest */,
			);
			name = Products;
			sourceTree = "<group>";
		};
		BB1B6DDD1BDEA033004C95EB /* horabella */ = {
			isa = PBXGroup;
			children = (
				BB1B6DDE1BDEA033004C95EB /* AppDelegate.swift */,
				BB7518951BED0B8B00D2200A /* IJProgressView.swift */,
				BB7518941BEAC26F00D2200A /* Smoke */,
				BB75187A1BE19A8E00D2200A /* Login */,
				025C47AE1BE28A8200D247D7 /* TabBar */,
				025C47AB1BE2853900D247D7 /* SalonList */,
				02A6C6981BF11C01001FA056 /* Profile */,
				025C47AF1BE29E2C00D247D7 /* Deals */,
				02AAF38B1BEBDD6100B97FAB /* Assets.xcassets */,
				BB1B6DE21BDEA033004C95EB /* Main.storyboard */,
				BB1B6DE71BDEA033004C95EB /* LaunchScreen.storyboard */,
				BB1B6DEA1BDEA033004C95EB /* Info.plist */,
			);
			path = horabella;
			sourceTree = "<group>";
		};
		BB1B6DF21BDEA033004C95EB /* horabellaTests */ = {
			isa = PBXGroup;
			children = (
				BB1B6DF31BDEA033004C95EB /* horabellaTests.swift */,
				BB1B6DF51BDEA033004C95EB /* Info.plist */,
			);
			path = horabellaTests;
			sourceTree = "<group>";
		};
		BB1B6DFD1BDEA033004C95EB /* horabellaUITests */ = {
			isa = PBXGroup;
			children = (
				BB1B6DFE1BDEA033004C95EB /* horabellaUITests.swift */,
				BB1B6E001BDEA033004C95EB /* Info.plist */,
			);
			path = horabellaUITests;
			sourceTree = "<group>";
		};
		BB75187A1BE19A8E00D2200A /* Login */ = {
			isa = PBXGroup;
			children = (
				BB758C801BDEB63400F3A467 /* LogInViewController.swift */,
				BB758C821BDEB65800F3A467 /* SignUpTableViewController.swift */,
				BB1B6E0C1BDEAFD9004C95EB /* Login.storyboard */,
			);
			name = Login;
			sourceTree = "<group>";
		};
		BB7518831BE19AD800D2200A /* SalonDetail */ = {
			isa = PBXGroup;
			children = (
				BB75187D1BE19AC800D2200A /* HBSalonDetailTableViewController.swift */,
				BBD90E311BF267A3009C19D1 /* HBServicesTableViewCell.swift */,
				BBD90E351BF268EE009C19D1 /* HBServiceCollectionViewCell.swift */,
				BB75187E1BE19AC800D2200A /* HBSalonEvaluationTableViewCell.swift */,
				BB75187B1BE19AC800D2200A /* HBMakeCommentTableViewCell.swift */,
				BB75187C1BE19AC800D2200A /* HBSalonCommentsTableViewCell.swift */,
				BB75188C1BE2ACA500D2200A /* HBSalonDescriptionTableViewCell.swift */,
				BB75188E1BE2ACBD00D2200A /* HBSalonInfoTableViewCell.swift */,
				BBBCBB201BF5028900063173 /* HBServiceTableViewCell.swift */,
			);
			name = SalonDetail;
			sourceTree = "<group>";
		};
		BB7518941BEAC26F00D2200A /* Smoke */ = {
			isa = PBXGroup;
			children = (
				BB7518901BE91FDC00D2200A /* Smoke.swift */,
				BB7518921BEA6BDA00D2200A /* SmokeUser.swift */,
			);
			name = Smoke;
			sourceTree = "<group>";
		};
		BC8FE6E4C509628A67AEAD07 /* Pods */ = {
			isa = PBXGroup;
			children = (
				73642571618E75C773AAE020 /* Pods-horabella.debug.xcconfig */,
				6236783C0D08AF1A5B3831D4 /* Pods-horabella.release.xcconfig */,
			);
			name = Pods;
			sourceTree = "<group>";
		};
/* End PBXGroup section */

/* Begin PBXNativeTarget section */
		BB1B6DDA1BDEA033004C95EB /* horabella */ = {
			isa = PBXNativeTarget;
			buildConfigurationList = BB1B6E031BDEA033004C95EB /* Build configuration list for PBXNativeTarget "horabella" */;
			buildPhases = (
				D9C68B0A340F1C9222354197 /* Check Pods Manifest.lock */,
				BB1B6DD71BDEA033004C95EB /* Sources */,
				BB1B6DD81BDEA033004C95EB /* Frameworks */,
				BB1B6DD91BDEA033004C95EB /* Resources */,
				49614226DB74DAD387D94C50 /* Embed Pods Frameworks */,
				C8465C98099702458E17BDB8 /* Copy Pods Resources */,
			);
			buildRules = (
			);
			dependencies = (
			);
			name = horabella;
			productName = horabella;
			productReference = BB1B6DDB1BDEA033004C95EB /* horabella.app */;
			productType = "com.apple.product-type.application";
		};
		BB1B6DEE1BDEA033004C95EB /* horabellaTests */ = {
			isa = PBXNativeTarget;
			buildConfigurationList = BB1B6E061BDEA033004C95EB /* Build configuration list for PBXNativeTarget "horabellaTests" */;
			buildPhases = (
				BB1B6DEB1BDEA033004C95EB /* Sources */,
				BB1B6DEC1BDEA033004C95EB /* Frameworks */,
				BB1B6DED1BDEA033004C95EB /* Resources */,
			);
			buildRules = (
			);
			dependencies = (
				BB1B6DF11BDEA033004C95EB /* PBXTargetDependency */,
			);
			name = horabellaTests;
			productName = horabellaTests;
			productReference = BB1B6DEF1BDEA033004C95EB /* horabellaTests.xctest */;
			productType = "com.apple.product-type.bundle.unit-test";
		};
		BB1B6DF91BDEA033004C95EB /* horabellaUITests */ = {
			isa = PBXNativeTarget;
			buildConfigurationList = BB1B6E091BDEA033004C95EB /* Build configuration list for PBXNativeTarget "horabellaUITests" */;
			buildPhases = (
				BB1B6DF61BDEA033004C95EB /* Sources */,
				BB1B6DF71BDEA033004C95EB /* Frameworks */,
				BB1B6DF81BDEA033004C95EB /* Resources */,
			);
			buildRules = (
			);
			dependencies = (
				BB1B6DFC1BDEA033004C95EB /* PBXTargetDependency */,
			);
			name = horabellaUITests;
			productName = horabellaUITests;
			productReference = BB1B6DFA1BDEA033004C95EB /* horabellaUITests.xctest */;
			productType = "com.apple.product-type.bundle.ui-testing";
		};
/* End PBXNativeTarget section */

/* Begin PBXProject section */
		BB1B6DD31BDEA033004C95EB /* Project object */ = {
			isa = PBXProject;
			attributes = {
				LastSwiftUpdateCheck = 0710;
				LastUpgradeCheck = 0710;
				ORGANIZATIONNAME = "Yi Mobile";
				TargetAttributes = {
					BB1B6DDA1BDEA033004C95EB = {
						CreatedOnToolsVersion = 7.1;
						DevelopmentTeam = 3QEMLNUCL2;
					};
					BB1B6DEE1BDEA033004C95EB = {
						CreatedOnToolsVersion = 7.1;
						TestTargetID = BB1B6DDA1BDEA033004C95EB;
					};
					BB1B6DF91BDEA033004C95EB = {
						CreatedOnToolsVersion = 7.1;
						TestTargetID = BB1B6DDA1BDEA033004C95EB;
					};
				};
			};
			buildConfigurationList = BB1B6DD61BDEA033004C95EB /* Build configuration list for PBXProject "horabella" */;
			compatibilityVersion = "Xcode 3.2";
			developmentRegion = English;
			hasScannedForEncodings = 0;
			knownRegions = (
				Base,
			);
			mainGroup = BB1B6DD21BDEA033004C95EB;
			productRefGroup = BB1B6DDC1BDEA033004C95EB /* Products */;
			projectDirPath = "";
			projectRoot = "";
			targets = (
				BB1B6DDA1BDEA033004C95EB /* horabella */,
				BB1B6DEE1BDEA033004C95EB /* horabellaTests */,
				BB1B6DF91BDEA033004C95EB /* horabellaUITests */,
			);
		};
/* End PBXProject section */

/* Begin PBXResourcesBuildPhase section */
		BB1B6DD91BDEA033004C95EB /* Resources */ = {
			isa = PBXResourcesBuildPhase;
			buildActionMask = 2147483647;
			files = (
				BB1B6E0D1BDEAFD9004C95EB /* Login.storyboard in Resources */,
				BB1B6DE91BDEA033004C95EB /* LaunchScreen.storyboard in Resources */,
				02A6C6951BF111B6001FA056 /* profileTeste.jpg in Resources */,
				02AAF38C1BEBDD6100B97FAB /* Assets.xcassets in Resources */,
				BB1B6DE41BDEA033004C95EB /* Main.storyboard in Resources */,
				02A6C6971BF111BF001FA056 /* tste.png in Resources */,
			);
			runOnlyForDeploymentPostprocessing = 0;
		};
		BB1B6DED1BDEA033004C95EB /* Resources */ = {
			isa = PBXResourcesBuildPhase;
			buildActionMask = 2147483647;
			files = (
			);
			runOnlyForDeploymentPostprocessing = 0;
		};
		BB1B6DF81BDEA033004C95EB /* Resources */ = {
			isa = PBXResourcesBuildPhase;
			buildActionMask = 2147483647;
			files = (
			);
			runOnlyForDeploymentPostprocessing = 0;
		};
/* End PBXResourcesBuildPhase section */

/* Begin PBXShellScriptBuildPhase section */
		49614226DB74DAD387D94C50 /* Embed Pods Frameworks */ = {
			isa = PBXShellScriptBuildPhase;
			buildActionMask = 2147483647;
			files = (
			);
			inputPaths = (
			);
			name = "Embed Pods Frameworks";
			outputPaths = (
			);
			runOnlyForDeploymentPostprocessing = 0;
			shellPath = /bin/sh;
			shellScript = "\"${SRCROOT}/Pods/Target Support Files/Pods-horabella/Pods-horabella-frameworks.sh\"\n";
			showEnvVarsInLog = 0;
		};
		C8465C98099702458E17BDB8 /* Copy Pods Resources */ = {
			isa = PBXShellScriptBuildPhase;
			buildActionMask = 2147483647;
			files = (
			);
			inputPaths = (
			);
			name = "Copy Pods Resources";
			outputPaths = (
			);
			runOnlyForDeploymentPostprocessing = 0;
			shellPath = /bin/sh;
			shellScript = "\"${SRCROOT}/Pods/Target Support Files/Pods-horabella/Pods-horabella-resources.sh\"\n";
			showEnvVarsInLog = 0;
		};
		D9C68B0A340F1C9222354197 /* Check Pods Manifest.lock */ = {
			isa = PBXShellScriptBuildPhase;
			buildActionMask = 2147483647;
			files = (
			);
			inputPaths = (
			);
			name = "Check Pods Manifest.lock";
			outputPaths = (
			);
			runOnlyForDeploymentPostprocessing = 0;
			shellPath = /bin/sh;
			shellScript = "diff \"${PODS_ROOT}/../Podfile.lock\" \"${PODS_ROOT}/Manifest.lock\" > /dev/null\nif [[ $? != 0 ]] ; then\n    cat << EOM\nerror: The sandbox is not in sync with the Podfile.lock. Run 'pod install' or update your CocoaPods installation.\nEOM\n    exit 1\nfi\n";
			showEnvVarsInLog = 0;
		};
/* End PBXShellScriptBuildPhase section */

/* Begin PBXSourcesBuildPhase section */
		BB1B6DD71BDEA033004C95EB /* Sources */ = {
			isa = PBXSourcesBuildPhase;
			buildActionMask = 2147483647;
			files = (
				02A6C69A1BF11C33001FA056 /* ProfileTableViewController.swift in Sources */,
				025C47AD1BE28A7800D247D7 /* HBTabBarViewController.swift in Sources */,
				BB7518821BE19AC800D2200A /* HBSalonEvaluationTableViewCell.swift in Sources */,
				BB75187F1BE19AC800D2200A /* HBMakeCommentTableViewCell.swift in Sources */,
				025C47B31BE29E6900D247D7 /* HBDealsTableViewCell.swift in Sources */,
				BBBCBB211BF5028900063173 /* HBServiceTableViewCell.swift in Sources */,
				025C47B91BE2B05F00D247D7 /* HBSectionHeaderTableViewCell.swift in Sources */,
				BB7518931BEA6BDA00D2200A /* SmokeUser.swift in Sources */,
				0215E5381BF50A1100DF6A2F /* HBFilterCollectionViewCell.swift in Sources */,
				0215E5361BF4FFDD00DF6A2F /* CurrentHBSalonList.swift in Sources */,
				02174E631BF3C97800AF3337 /* HBSalon.swift in Sources */,
				BB7518911BE91FDC00D2200A /* Smoke.swift in Sources */,
				BB7518801BE19AC800D2200A /* HBSalonCommentsTableViewCell.swift in Sources */,
				025C47B11BE29E4800D247D7 /* HBDealsTableViewController.swift in Sources */,
				BBD90E361BF268EE009C19D1 /* HBServiceCollectionViewCell.swift in Sources */,
				BB7518811BE19AC800D2200A /* HBSalonDetailTableViewController.swift in Sources */,
				0235A93A1BDF3F0100355207 /* HBSalonListTableViewCell.swift in Sources */,
				02CE010C1BF26B6100EE0793 /* HBFilter.swift in Sources */,
				BBD90E321BF267A3009C19D1 /* HBServicesTableViewCell.swift in Sources */,
				0235A9381BDF3DCA00355207 /* HBSalonListTableViewController.swift in Sources */,
				BB1B6DDF1BDEA033004C95EB /* AppDelegate.swift in Sources */,
				02174E611BF3AC4F00AF3337 /* HBSalonListDelegate.swift in Sources */,
				BB7518961BED0B8B00D2200A /* IJProgressView.swift in Sources */,
				BB75188D1BE2ACA500D2200A /* HBSalonDescriptionTableViewCell.swift in Sources */,
				02A1484D1BE9418700BFA08D /* HBFilterCollectionViewController.swift in Sources */,
				BB75188F1BE2ACBD00D2200A /* HBSalonInfoTableViewCell.swift in Sources */,
				BB758C811BDEB63400F3A467 /* LogInViewController.swift in Sources */,
				BB758C831BDEB65800F3A467 /* SignUpTableViewController.swift in Sources */,
			);
			runOnlyForDeploymentPostprocessing = 0;
		};
		BB1B6DEB1BDEA033004C95EB /* Sources */ = {
			isa = PBXSourcesBuildPhase;
			buildActionMask = 2147483647;
			files = (
				BB1B6DF41BDEA033004C95EB /* horabellaTests.swift in Sources */,
			);
			runOnlyForDeploymentPostprocessing = 0;
		};
		BB1B6DF61BDEA033004C95EB /* Sources */ = {
			isa = PBXSourcesBuildPhase;
			buildActionMask = 2147483647;
			files = (
				BB1B6DFF1BDEA033004C95EB /* horabellaUITests.swift in Sources */,
			);
			runOnlyForDeploymentPostprocessing = 0;
		};
/* End PBXSourcesBuildPhase section */

/* Begin PBXTargetDependency section */
		BB1B6DF11BDEA033004C95EB /* PBXTargetDependency */ = {
			isa = PBXTargetDependency;
			target = BB1B6DDA1BDEA033004C95EB /* horabella */;
			targetProxy = BB1B6DF01BDEA033004C95EB /* PBXContainerItemProxy */;
		};
		BB1B6DFC1BDEA033004C95EB /* PBXTargetDependency */ = {
			isa = PBXTargetDependency;
			target = BB1B6DDA1BDEA033004C95EB /* horabella */;
			targetProxy = BB1B6DFB1BDEA033004C95EB /* PBXContainerItemProxy */;
		};
/* End PBXTargetDependency section */

/* Begin PBXVariantGroup section */
		BB1B6DE21BDEA033004C95EB /* Main.storyboard */ = {
			isa = PBXVariantGroup;
			children = (
				BB1B6DE31BDEA033004C95EB /* Base */,
				025C47B41BE2ABA200D247D7 /* pt-BR */,
				025C47B61BE2ABDE00D247D7 /* en */,
			);
			name = Main.storyboard;
			sourceTree = "<group>";
		};
		BB1B6DE71BDEA033004C95EB /* LaunchScreen.storyboard */ = {
			isa = PBXVariantGroup;
			children = (
				BB1B6DE81BDEA033004C95EB /* Base */,
				025C47B51BE2ABA200D247D7 /* pt-BR */,
				025C47B71BE2ABDE00D247D7 /* en */,
			);
			name = LaunchScreen.storyboard;
			sourceTree = "<group>";
		};
/* End PBXVariantGroup section */

/* Begin XCBuildConfiguration section */
		BB1B6E011BDEA033004C95EB /* Debug */ = {
			isa = XCBuildConfiguration;
			buildSettings = {
				ALWAYS_SEARCH_USER_PATHS = NO;
				CLANG_CXX_LANGUAGE_STANDARD = "gnu++0x";
				CLANG_CXX_LIBRARY = "libc++";
				CLANG_ENABLE_MODULES = YES;
				CLANG_ENABLE_OBJC_ARC = YES;
				CLANG_WARN_BOOL_CONVERSION = YES;
				CLANG_WARN_CONSTANT_CONVERSION = YES;
				CLANG_WARN_DIRECT_OBJC_ISA_USAGE = YES_ERROR;
				CLANG_WARN_EMPTY_BODY = YES;
				CLANG_WARN_ENUM_CONVERSION = YES;
				CLANG_WARN_INT_CONVERSION = YES;
				CLANG_WARN_OBJC_ROOT_CLASS = YES_ERROR;
				CLANG_WARN_UNREACHABLE_CODE = YES;
				CLANG_WARN__DUPLICATE_METHOD_MATCH = YES;
				"CODE_SIGN_IDENTITY[sdk=iphoneos*]" = "iPhone Developer";
				COPY_PHASE_STRIP = NO;
				DEBUG_INFORMATION_FORMAT = dwarf;
				ENABLE_STRICT_OBJC_MSGSEND = YES;
				ENABLE_TESTABILITY = YES;
				GCC_C_LANGUAGE_STANDARD = gnu99;
				GCC_DYNAMIC_NO_PIC = NO;
				GCC_NO_COMMON_BLOCKS = YES;
				GCC_OPTIMIZATION_LEVEL = 0;
				GCC_PREPROCESSOR_DEFINITIONS = (
					"DEBUG=1",
					"$(inherited)",
				);
				GCC_WARN_64_TO_32_BIT_CONVERSION = YES;
				GCC_WARN_ABOUT_RETURN_TYPE = YES_ERROR;
				GCC_WARN_UNDECLARED_SELECTOR = YES;
				GCC_WARN_UNINITIALIZED_AUTOS = YES_AGGRESSIVE;
				GCC_WARN_UNUSED_FUNCTION = YES;
				GCC_WARN_UNUSED_VARIABLE = YES;
				IPHONEOS_DEPLOYMENT_TARGET = 9.1;
				MTL_ENABLE_DEBUG_INFO = YES;
				ONLY_ACTIVE_ARCH = YES;
				SDKROOT = iphoneos;
				SWIFT_OPTIMIZATION_LEVEL = "-Onone";
			};
			name = Debug;
		};
		BB1B6E021BDEA033004C95EB /* Release */ = {
			isa = XCBuildConfiguration;
			buildSettings = {
				ALWAYS_SEARCH_USER_PATHS = NO;
				CLANG_CXX_LANGUAGE_STANDARD = "gnu++0x";
				CLANG_CXX_LIBRARY = "libc++";
				CLANG_ENABLE_MODULES = YES;
				CLANG_ENABLE_OBJC_ARC = YES;
				CLANG_WARN_BOOL_CONVERSION = YES;
				CLANG_WARN_CONSTANT_CONVERSION = YES;
				CLANG_WARN_DIRECT_OBJC_ISA_USAGE = YES_ERROR;
				CLANG_WARN_EMPTY_BODY = YES;
				CLANG_WARN_ENUM_CONVERSION = YES;
				CLANG_WARN_INT_CONVERSION = YES;
				CLANG_WARN_OBJC_ROOT_CLASS = YES_ERROR;
				CLANG_WARN_UNREACHABLE_CODE = YES;
				CLANG_WARN__DUPLICATE_METHOD_MATCH = YES;
				"CODE_SIGN_IDENTITY[sdk=iphoneos*]" = "iPhone Developer";
				COPY_PHASE_STRIP = NO;
				DEBUG_INFORMATION_FORMAT = "dwarf-with-dsym";
				ENABLE_NS_ASSERTIONS = NO;
				ENABLE_STRICT_OBJC_MSGSEND = YES;
				GCC_C_LANGUAGE_STANDARD = gnu99;
				GCC_NO_COMMON_BLOCKS = YES;
				GCC_WARN_64_TO_32_BIT_CONVERSION = YES;
				GCC_WARN_ABOUT_RETURN_TYPE = YES_ERROR;
				GCC_WARN_UNDECLARED_SELECTOR = YES;
				GCC_WARN_UNINITIALIZED_AUTOS = YES_AGGRESSIVE;
				GCC_WARN_UNUSED_FUNCTION = YES;
				GCC_WARN_UNUSED_VARIABLE = YES;
				IPHONEOS_DEPLOYMENT_TARGET = 9.1;
				MTL_ENABLE_DEBUG_INFO = NO;
				SDKROOT = iphoneos;
				VALIDATE_PRODUCT = YES;
			};
			name = Release;
		};
		BB1B6E041BDEA033004C95EB /* Debug */ = {
			isa = XCBuildConfiguration;
			baseConfigurationReference = 73642571618E75C773AAE020 /* Pods-horabella.debug.xcconfig */;
			buildSettings = {
				ASSETCATALOG_COMPILER_APPICON_NAME = AppIcon;
				CODE_SIGN_IDENTITY = "iPhone Developer";
				"CODE_SIGN_IDENTITY[sdk=iphoneos*]" = "iPhone Developer";
				INFOPLIST_FILE = horabella/Info.plist;
				IPHONEOS_DEPLOYMENT_TARGET = 9.0;
				LD_RUNPATH_SEARCH_PATHS = "$(inherited) @executable_path/Frameworks @loader_path/Frameworks $(CONFIGURATION_BUILD_DIR)";
				PRODUCT_BUNDLE_IDENTIFIER = br.com.yimobile.horabella;
				PRODUCT_NAME = "$(TARGET_NAME)";
				PROVISIONING_PROFILE = "";
			};
			name = Debug;
		};
		BB1B6E051BDEA033004C95EB /* Release */ = {
			isa = XCBuildConfiguration;
			baseConfigurationReference = 6236783C0D08AF1A5B3831D4 /* Pods-horabella.release.xcconfig */;
			buildSettings = {
				ASSETCATALOG_COMPILER_APPICON_NAME = AppIcon;
				CODE_SIGN_IDENTITY = "iPhone Developer";
				"CODE_SIGN_IDENTITY[sdk=iphoneos*]" = "iPhone Developer";
				INFOPLIST_FILE = horabella/Info.plist;
				IPHONEOS_DEPLOYMENT_TARGET = 9.0;
				LD_RUNPATH_SEARCH_PATHS = "$(inherited) @executable_path/Frameworks @loader_path/Frameworks $(CONFIGURATION_BUILD_DIR)";
				PRODUCT_BUNDLE_IDENTIFIER = br.com.yimobile.horabella;
				PRODUCT_NAME = "$(TARGET_NAME)";
				PROVISIONING_PROFILE = "";
			};
			name = Release;
		};
		BB1B6E071BDEA033004C95EB /* Debug */ = {
			isa = XCBuildConfiguration;
			buildSettings = {
				BUNDLE_LOADER = "$(TEST_HOST)";
				INFOPLIST_FILE = horabellaTests/Info.plist;
				IPHONEOS_DEPLOYMENT_TARGET = 8.4;
				LD_RUNPATH_SEARCH_PATHS = "$(inherited) @executable_path/Frameworks @loader_path/Frameworks";
				PRODUCT_BUNDLE_IDENTIFIER = br.com.yimobile.horabellaTests;
				PRODUCT_NAME = "$(TARGET_NAME)";
				TEST_HOST = "$(BUILT_PRODUCTS_DIR)/horabella.app/horabella";
			};
			name = Debug;
		};
		BB1B6E081BDEA033004C95EB /* Release */ = {
			isa = XCBuildConfiguration;
			buildSettings = {
				BUNDLE_LOADER = "$(TEST_HOST)";
				INFOPLIST_FILE = horabellaTests/Info.plist;
				IPHONEOS_DEPLOYMENT_TARGET = 8.4;
				LD_RUNPATH_SEARCH_PATHS = "$(inherited) @executable_path/Frameworks @loader_path/Frameworks";
				PRODUCT_BUNDLE_IDENTIFIER = br.com.yimobile.horabellaTests;
				PRODUCT_NAME = "$(TARGET_NAME)";
				TEST_HOST = "$(BUILT_PRODUCTS_DIR)/horabella.app/horabella";
			};
			name = Release;
		};
		BB1B6E0A1BDEA033004C95EB /* Debug */ = {
			isa = XCBuildConfiguration;
			buildSettings = {
				INFOPLIST_FILE = horabellaUITests/Info.plist;
				IPHONEOS_DEPLOYMENT_TARGET = 8.4;
				LD_RUNPATH_SEARCH_PATHS = "$(inherited) @executable_path/Frameworks @loader_path/Frameworks";
				PRODUCT_BUNDLE_IDENTIFIER = br.com.yimobile.horabellaUITests;
				PRODUCT_NAME = "$(TARGET_NAME)";
				TEST_TARGET_NAME = horabella;
				USES_XCTRUNNER = YES;
			};
			name = Debug;
		};
		BB1B6E0B1BDEA033004C95EB /* Release */ = {
			isa = XCBuildConfiguration;
			buildSettings = {
				INFOPLIST_FILE = horabellaUITests/Info.plist;
				IPHONEOS_DEPLOYMENT_TARGET = 8.4;
				LD_RUNPATH_SEARCH_PATHS = "$(inherited) @executable_path/Frameworks @loader_path/Frameworks";
				PRODUCT_BUNDLE_IDENTIFIER = br.com.yimobile.horabellaUITests;
				PRODUCT_NAME = "$(TARGET_NAME)";
				TEST_TARGET_NAME = horabella;
				USES_XCTRUNNER = YES;
			};
			name = Release;
		};
/* End XCBuildConfiguration section */

/* Begin XCConfigurationList section */
		BB1B6DD61BDEA033004C95EB /* Build configuration list for PBXProject "horabella" */ = {
			isa = XCConfigurationList;
			buildConfigurations = (
				BB1B6E011BDEA033004C95EB /* Debug */,
				BB1B6E021BDEA033004C95EB /* Release */,
			);
			defaultConfigurationIsVisible = 0;
			defaultConfigurationName = Release;
		};
		BB1B6E031BDEA033004C95EB /* Build configuration list for PBXNativeTarget "horabella" */ = {
			isa = XCConfigurationList;
			buildConfigurations = (
				BB1B6E041BDEA033004C95EB /* Debug */,
				BB1B6E051BDEA033004C95EB /* Release */,
			);
			defaultConfigurationIsVisible = 0;
			defaultConfigurationName = Release;
		};
		BB1B6E061BDEA033004C95EB /* Build configuration list for PBXNativeTarget "horabellaTests" */ = {
			isa = XCConfigurationList;
			buildConfigurations = (
				BB1B6E071BDEA033004C95EB /* Debug */,
				BB1B6E081BDEA033004C95EB /* Release */,
			);
			defaultConfigurationIsVisible = 0;
			defaultConfigurationName = Release;
		};
		BB1B6E091BDEA033004C95EB /* Build configuration list for PBXNativeTarget "horabellaUITests" */ = {
			isa = XCConfigurationList;
			buildConfigurations = (
				BB1B6E0A1BDEA033004C95EB /* Debug */,
				BB1B6E0B1BDEA033004C95EB /* Release */,
			);
			defaultConfigurationIsVisible = 0;
			defaultConfigurationName = Release;
		};
/* End XCConfigurationList section */
	};
	rootObject = BB1B6DD31BDEA033004C95EB /* Project object */;
}
