PODS:
  - Alamofire (3.1.2)
  - AlamofireImage (2.1.0):
    - Alamofire (~> 3.1)
  - Bolts (1.4.0):
    - Bolts/AppLinks (= 1.4.0)
    - Bolts/Tasks (= 1.4.0)
  - Bolts/AppLinks (1.4.0):
    - Bolts/Tasks
  - Bolts/Tasks (1.4.0)
  - CryptoSwift (0.0.14)
  - FBSDKCoreKit (4.8.0):
    - Bolts (~> 1.1)
    - FBSDKCoreKit/arc (= 4.8.0)
    - FBSDKCoreKit/no-arc (= 4.8.0)
  - FBSDKCoreKit/arc (4.8.0):
    - Bolts (~> 1.1)
  - FBSDKCoreKit/no-arc (4.8.0):
    - Bolts (~> 1.1)
    - FBSDKCoreKit/arc
  - FBSDKLoginKit (4.7.1):
    - FBSDKCoreKit
  - FBSDKShareKit (4.8.0):
    - FBSDKCoreKit
  - HCSStarRatingView (1.4.3)
  - JSONWebToken (1.4.1):
    - CryptoSwift (= 0.0.14)
  - Parse (1.9.1):
    - Bolts/Tasks (>= 1.4.0)
  - SimpleKeychain (0.6.1)
  - VMaskTextField (1.0.4)

DEPENDENCIES:
  - Alamofire
  - AlamofireImage
  - FBSDKCoreKit
  - FBSDKLoginKit
  - FBSDKShareKit
  - HCSStarRatingView (from `https://github.com/hugocampossousa/HCSStarRatingView.git`)
  - JSONWebToken
  - Parse
  - SimpleKeychain
  - VMaskTextField

EXTERNAL SOURCES:
  HCSStarRatingView:
    :git: https://github.com/hugocampossousa/HCSStarRatingView.git

CHECKOUT OPTIONS:
  HCSStarRatingView:
    :commit: bc445e67c94fdcabf09f4b26a8d47b40f0c19fbd
    :git: https://github.com/hugocampossousa/HCSStarRatingView.git

SPEC CHECKSUMS:
  Alamofire: 7c16ca65f3c7e681fd925fd7f2dec7747ff96855
  AlamofireImage: 97e00995920d85b5cb23ee4c3b7f92605f5dc74b
  Bolts: 0e9bce58b9b9f5e8a7a4d47b16d2fabec289072b
  CryptoSwift: 5a6b725e2ad65a789f5f435dd434d38eb2c40b46
  FBSDKCoreKit: 66a935d17b6e00b6b64e604f2eb9b72c9ab7deb8
  FBSDKLoginKit: c11ed3c2833472db3bb4a4aecf27af4a6f69b173
  FBSDKShareKit: e7577ee3adf80fc04fb656dd133fbb522250672b
  HCSStarRatingView: bada6ae98258c3019531e0218030e2d5ad10765a
  JSONWebToken: cf8b58850dc4cf38ce777a08753a2ea1620d960e
  Parse: 54a965c8c19a6dde90284ab654dbcc77ef8c001b
  SimpleKeychain: 150d76f3b9200de58f033228f6e976c6241a221c
  VMaskTextField: 633dfde6182fb3ea6604abb675e05cdc108006df

COCOAPODS: 0.39.0
