PODS:
  - Alamofire (3.1.3)
  - AlamofireImage (2.1.1):
    - Alamofire (~> 3.1)
  - Bolts (1.5.0):
    - Bolts/AppLinks (= 1.5.0)
    - Bolts/Tasks (= 1.5.0)
  - Bolts/AppLinks (1.5.0):
    - Bolts/Tasks
  - Bolts/Tasks (1.5.0)
  - CryptoSwift (0.0.14)
  - CVCalendar (1.2.7)
  - FBSDKCoreKit (4.8.0):
    - Bolts (~> 1.1)
    - FBSDKCoreKit/arc (= 4.8.0)
    - FBSDKCoreKit/no-arc (= 4.8.0)
  - FBSDKCoreKit/arc (4.8.0):
    - Bolts (~> 1.1)
  - FBSDKCoreKit/no-arc (4.8.0):
    - Bolts (~> 1.1)
    - FBSDKCoreKit/arc
  - FBSDKLoginKit (4.8.0):
    - FBSDKCoreKit
  - FBSDKShareKit (4.8.0):
    - FBSDKCoreKit
  - HCSStarRatingView (1.4.3)
  - JSONWebToken (1.4.1):
    - CryptoSwift (= 0.0.14)
  - Parse (1.10.0):
    - Bolts/Tasks (~> 1.5)
  - SimpleKeychain (0.6.1)
  - SwiftyJSON (2.3.1)
  - VMaskTextField (1.0.4)

DEPENDENCIES:
  - Alamofire
  - AlamofireImage
  - CVCalendar (~> 1.2.7)
  - FBSDKCoreKit
  - FBSDKLoginKit
  - FBSDKShareKit
  - HCSStarRatingView (from `https://github.com/hugocampossousa/HCSStarRatingView.git`)
  - JSONWebToken
  - Parse
  - SimpleKeychain
  - SwiftyJSON
  - VMaskTextField

EXTERNAL SOURCES:
  HCSStarRatingView:
    :git: https://github.com/hugocampossousa/HCSStarRatingView.git

CHECKOUT OPTIONS:
  HCSStarRatingView:
    :commit: bc445e67c94fdcabf09f4b26a8d47b40f0c19fbd
    :git: https://github.com/hugocampossousa/HCSStarRatingView.git

SPEC CHECKSUMS:
  Alamofire: 9f93b56389e48def9220dd57d1f44b1927229a5a
  AlamofireImage: 31f7c4e9f516183e0ef2d2da18318de28a4628b8
  Bolts: 722ab9a4f8b50fc4ed1b9998a5a7a2b3f16d80b4
  CryptoSwift: 5a6b725e2ad65a789f5f435dd434d38eb2c40b46
  CVCalendar: 1ae6ee62dd7fd4c6a6703a43c641e11dfd32276e
  FBSDKCoreKit: 66a935d17b6e00b6b64e604f2eb9b72c9ab7deb8
  FBSDKLoginKit: d893fcbb98d854496925e9ff73c67b896982d3c4
  FBSDKShareKit: e7577ee3adf80fc04fb656dd133fbb522250672b
  HCSStarRatingView: bada6ae98258c3019531e0218030e2d5ad10765a
  JSONWebToken: cf8b58850dc4cf38ce777a08753a2ea1620d960e
  Parse: 90b2544822200f84b18bfacc4e8b0a3a6c3584a2
  SimpleKeychain: 150d76f3b9200de58f033228f6e976c6241a221c
  SwiftyJSON: 592b53bee5ef3dd9b3bebc6b9cb7ee35426ae8c3
  VMaskTextField: 633dfde6182fb3ea6604abb675e05cdc108006df

COCOAPODS: 0.39.0
